
Microsoft Visual Studio Solution File, Format Version 12.00
# Visual Studio Version 17
VisualStudioVersion = 17.4.33403.182
MinimumVisualStudioVersion = 10.0.40219.1
Project("{9A19103F-16F7-4668-BE54-9A1E7A4F7556}") = "VendorManagementApp", "VendorManagementApp.csproj", "{9C1DCFF1-9946-482E-9DB9-1B2D8ACCE57A}"
EndProject
Project("{9A19103F-16F7-4668-BE54-9A1E7A4F7556}") = "VendorManagementApp.Tests", "..\VendorManagement.Tests\VendorManagementApp.Tests.csproj", "{066DBE2B-3CFB-4199-AC96-EE2B594EF6AF}"
EndProject
Global
	GlobalSection(SolutionConfigurationPlatforms) = preSolution
		Debug|Any CPU = Debug|Any CPU
		Release|Any CPU = Release|Any CPU
	EndGlobalSection
	GlobalSection(ProjectConfigurationPlatforms) = postSolution
		{9C1DCFF1-9946-482E-9DB9-1B2D8ACCE57A}.Debug|Any CPU.ActiveCfg = Debug|Any CPU
		{9C1DCFF1-9946-482E-9DB9-1B2D8ACCE57A}.Debug|Any CPU.Build.0 = Debug|Any CPU
		{9C1DCFF1-9946-482E-9DB9-1B2D8ACCE57A}.Release|Any CPU.ActiveCfg = Release|Any CPU
		{9C1DCFF1-9946-482E-9DB9-1B2D8ACCE57A}.Release|Any CPU.Build.0 = Release|Any CPU
		{066DBE2B-3CFB-4199-AC96-EE2B594EF6AF}.Debug|Any CPU.ActiveCfg = Debug|Any CPU
		{066DBE2B-3CFB-4199-AC96-EE2B594EF6AF}.Debug|Any CPU.Build.0 = Debug|Any CPU
		{066DBE2B-3CFB-4199-AC96-EE2B594EF6AF}.Release|Any CPU.ActiveCfg = Release|Any CPU
		{066DBE2B-3CFB-4199-AC96-EE2B594EF6AF}.Release|Any CPU.Build.0 = Release|Any CPU
	EndGlobalSection
	GlobalSection(SolutionProperties) = preSolution
		HideSolutionNode = FALSE
	EndGlobalSection
	GlobalSection(ExtensibilityGlobals) = postSolution
		SolutionGuid = {22C533C7-9992-4E91-AF04-CB1CA31581C1}
	EndGlobalSection
EndGlobal
